
Microsoft Visual Studio Solution File, Format Version 12.00
Project("{FAE04EC0-301F-11D3-BF4B-00C04F79EFBC}") = "codewars", "codewars/codewars.csproj", "{5AB320E6-D935-4673-895E-4ACB68656157}"
EndProject
Global
	GlobalSection(SolutionConfigurationPlatforms) = preSolution
		Debug|Any CPU = Debug|Any CPU
		Release|Any CPU = Release|Any CPU
	EndGlobalSection
	GlobalSection(ProjectConfigurationPlatforms) = postSolution
		{5AB320E6-D935-4673-895E-4ACB68656157}.Debug|Any CPU.ActiveCfg = Debug|Any CPU
		{5AB320E6-D935-4673-895E-4ACB68656157}.Debug|Any CPU.Build.0 = Debug|Any CPU
		{5AB320E6-D935-4673-895E-4ACB68656157}.Release|Any CPU.ActiveCfg = Release|Any CPU
		{5AB320E6-D935-4673-895E-4ACB68656157}.Release|Any CPU.Build.0 = Release|Any CPU
	EndGlobalSection
EndGlobal
